
Microsoft Visual Studio Solution File, Format Version 12.00
# Visual Studio Version 17
VisualStudioVersion = 17.9.34616.47
MinimumVisualStudioVersion = 10.0.40219.1
Project("{8BC9CEB8-8B4A-11D0-8D11-00A0C91BC942}") = "Test nro 1 almz", "Test nro 1 almz\Test nro 1 almz.vcxproj", "{C9E5B363-AD29-41CB-A8DF-1DA85405A1A7}"
EndProject
Global
	GlobalSection(SolutionConfigurationPlatforms) = preSolution
		Debug|x64 = Debug|x64
		Debug|x86 = Debug|x86
		Release|x64 = Release|x64
		Release|x86 = Release|x86
	EndGlobalSection
	GlobalSection(ProjectConfigurationPlatforms) = postSolution
		{C9E5B363-AD29-41CB-A8DF-1DA85405A1A7}.Debug|x64.ActiveCfg = Debug|x64
		{C9E5B363-AD29-41CB-A8DF-1DA85405A1A7}.Debug|x64.Build.0 = Debug|x64
		{C9E5B363-AD29-41CB-A8DF-1DA85405A1A7}.Debug|x86.ActiveCfg = Debug|Win32
		{C9E5B363-AD29-41CB-A8DF-1DA85405A1A7}.Debug|x86.Build.0 = Debug|Win32
		{C9E5B363-AD29-41CB-A8DF-1DA85405A1A7}.Release|x64.ActiveCfg = Release|x64
		{C9E5B363-AD29-41CB-A8DF-1DA85405A1A7}.Release|x64.Build.0 = Release|x64
		{C9E5B363-AD29-41CB-A8DF-1DA85405A1A7}.Release|x86.ActiveCfg = Release|Win32
		{C9E5B363-AD29-41CB-A8DF-1DA85405A1A7}.Release|x86.Build.0 = Release|Win32
	EndGlobalSection
	GlobalSection(SolutionProperties) = preSolution
		HideSolutionNode = FALSE
	EndGlobalSection
	GlobalSection(ExtensibilityGlobals) = postSolution
		SolutionGuid = {391F81C4-D50B-4E5B-ABB2-EC0A48EB28A7}
	EndGlobalSection
EndGlobal
